
Microsoft Visual Studio Solution File, Format Version 12.00
# Visual Studio Version 16
VisualStudioVersion = 16.0.29905.134
MinimumVisualStudioVersion = 10.0.40219.1
Project("{9A19103F-16F7-4668-BE54-9A1E7A4F7556}") = "Easy Bazar", "Easy Bazar\Easy Bazar.csproj", "{A5ACE0B9-91BF-42E0-9C6C-7D7352B6113D}"
EndProject
Project("{FAE04EC0-301F-11D3-BF4B-00C04F79EFBC}") = "DataSets", "DataSets\DataSets.csproj", "{4D679C1F-3EF6-437F-8971-F42722E0FC46}"
EndProject
Global
	GlobalSection(SolutionConfigurationPlatforms) = preSolution
		Debug|Any CPU = Debug|Any CPU
		Release|Any CPU = Release|Any CPU
	EndGlobalSection
	GlobalSection(ProjectConfigurationPlatforms) = postSolution
		{A5ACE0B9-91BF-42E0-9C6C-7D7352B6113D}.Debug|Any CPU.ActiveCfg = Debug|Any CPU
		{A5ACE0B9-91BF-42E0-9C6C-7D7352B6113D}.Debug|Any CPU.Build.0 = Debug|Any CPU
		{A5ACE0B9-91BF-42E0-9C6C-7D7352B6113D}.Release|Any CPU.ActiveCfg = Release|Any CPU
		{A5ACE0B9-91BF-42E0-9C6C-7D7352B6113D}.Release|Any CPU.Build.0 = Release|Any CPU
		{4D679C1F-3EF6-437F-8971-F42722E0FC46}.Debug|Any CPU.ActiveCfg = Debug|Any CPU
		{4D679C1F-3EF6-437F-8971-F42722E0FC46}.Debug|Any CPU.Build.0 = Debug|Any CPU
		{4D679C1F-3EF6-437F-8971-F42722E0FC46}.Release|Any CPU.ActiveCfg = Release|Any CPU
		{4D679C1F-3EF6-437F-8971-F42722E0FC46}.Release|Any CPU.Build.0 = Release|Any CPU
	EndGlobalSection
	GlobalSection(SolutionProperties) = preSolution
		HideSolutionNode = FALSE
	EndGlobalSection
	GlobalSection(ExtensibilityGlobals) = postSolution
		SolutionGuid = {9EEB0A87-6142-403E-B45B-7E777DE4A410}
	EndGlobalSection
EndGlobal
